
Microsoft Visual Studio Solution File, Format Version 12.00
# Visual Studio Version 16
VisualStudioVersion = 16.0.30907.101
MinimumVisualStudioVersion = 10.0.40219.1
Project("{FAE04EC0-301F-11D3-BF4B-00C04F79EFBC}") = "GrpcGreeter", "GrpcGreeter\GrpcGreeter.csproj", "{079AF1F6-86C9-45E0-BB87-44B419F6A052}"
EndProject
Project("{FAE04EC0-301F-11D3-BF4B-00C04F79EFBC}") = "GrpcGreeterClient", "GrpcGreeterClient\GrpcGreeterClient.csproj", "{01E2DB80-450B-48BF-99AD-C283CEF728C1}"
EndProject
Global
	GlobalSection(SolutionConfigurationPlatforms) = preSolution
		Debug|Any CPU = Debug|Any CPU
		Release|Any CPU = Release|Any CPU
	EndGlobalSection
	GlobalSection(ProjectConfigurationPlatforms) = postSolution
		{079AF1F6-86C9-45E0-BB87-44B419F6A052}.Debug|Any CPU.ActiveCfg = Debug|Any CPU
		{079AF1F6-86C9-45E0-BB87-44B419F6A052}.Debug|Any CPU.Build.0 = Debug|Any CPU
		{079AF1F6-86C9-45E0-BB87-44B419F6A052}.Release|Any CPU.ActiveCfg = Release|Any CPU
		{079AF1F6-86C9-45E0-BB87-44B419F6A052}.Release|Any CPU.Build.0 = Release|Any CPU
		{01E2DB80-450B-48BF-99AD-C283CEF728C1}.Debug|Any CPU.ActiveCfg = Debug|Any CPU
		{01E2DB80-450B-48BF-99AD-C283CEF728C1}.Debug|Any CPU.Build.0 = Debug|Any CPU
		{01E2DB80-450B-48BF-99AD-C283CEF728C1}.Release|Any CPU.ActiveCfg = Release|Any CPU
		{01E2DB80-450B-48BF-99AD-C283CEF728C1}.Release|Any CPU.Build.0 = Release|Any CPU
	EndGlobalSection
	GlobalSection(SolutionProperties) = preSolution
		HideSolutionNode = FALSE
	EndGlobalSection
	GlobalSection(ExtensibilityGlobals) = postSolution
		SolutionGuid = {3CD35D16-547E-48AB-87A1-D6E487756F80}
	EndGlobalSection
EndGlobal
